
Microsoft Visual Studio Solution File, Format Version 12.00
# Visual Studio Version 17
VisualStudioVersion = 17.7.34031.279
MinimumVisualStudioVersion = 10.0.40219.1
Project("{D2ABAB84-BF74-430A-B69E-9DC6D40DDA17}") = "2023_CQ_BI_13_OLAP", "2023_CQ_BI_13_OLAP\2023_CQ_BI_13_OLAP.dwproj", "{E4B74DD0-5FAA-432F-A44B-39326C8A8617}"
EndProject
Global
	GlobalSection(SolutionConfigurationPlatforms) = preSolution
		Development|Default = Development|Default
	EndGlobalSection
	GlobalSection(ProjectConfigurationPlatforms) = postSolution
		{E4B74DD0-5FAA-432F-A44B-39326C8A8617}.Development|Default.ActiveCfg = Development
		{E4B74DD0-5FAA-432F-A44B-39326C8A8617}.Development|Default.Build.0 = Development
		{E4B74DD0-5FAA-432F-A44B-39326C8A8617}.Development|Default.Deploy.0 = Development
	EndGlobalSection
	GlobalSection(SolutionProperties) = preSolution
		HideSolutionNode = FALSE
	EndGlobalSection
	GlobalSection(ExtensibilityGlobals) = postSolution
		SolutionGuid = {A5A83E8D-98C9-4A5A-BA21-65B3AF3383E3}
	EndGlobalSection
EndGlobal
