
Microsoft Visual Studio Solution File, Format Version 12.00
# Visual Studio Version 17
VisualStudioVersion = 17.8.34330.188
MinimumVisualStudioVersion = 10.0.40219.1
Project("{C9674DCB-5085-4A16-B785-4C70DD1589BD}") = "ETL_source", "ETL_source\ETL_source.dtproj", "{D71035C6-3D83-4FF4-A141-865D208999D3}"
EndProject
Global
	GlobalSection(SolutionConfigurationPlatforms) = preSolution
		Development|Default = Development|Default
	EndGlobalSection
	GlobalSection(ProjectConfigurationPlatforms) = postSolution
		{D71035C6-3D83-4FF4-A141-865D208999D3}.Development|Default.ActiveCfg = Development
		{D71035C6-3D83-4FF4-A141-865D208999D3}.Development|Default.Build.0 = Development
	EndGlobalSection
	GlobalSection(SolutionProperties) = preSolution
		HideSolutionNode = FALSE
	EndGlobalSection
	GlobalSection(ExtensibilityGlobals) = postSolution
		SolutionGuid = {CE2AF390-AD6E-4539-84AD-8201D70EF2D4}
	EndGlobalSection
EndGlobal
